// !$*UTF8*$!
{
	archiveVersion = 1;
	classes = {
	};
	objectVersion = 77;
	objects = {

/* Begin PBXBuildFile section */
		372214FE2D69CD0400C0788E /* RxCocoa in Frameworks */ = {isa = PBXBuildFile; productRef = 372214FD2D69CD0400C0788E /* RxCocoa */; };
		372215002D69CD0400C0788E /* RxSwift in Frameworks */ = {isa = PBXBuildFile; productRef = 372214FF2D69CD0400C0788E /* RxSwift */; };
		372215032D69CD0D00C0788E /* SnapKit in Frameworks */ = {isa = PBXBuildFile; productRef = 372215022D69CD0D00C0788E /* SnapKit */; };
		372215062D69CD1500C0788E /* Then in Frameworks */ = {isa = PBXBuildFile; productRef = 372215052D69CD1500C0788E /* Then */; };
		3722150F2D69CD2500C0788E /* AppDelegate.swift in Sources */ = {isa = PBXBuildFile; fileRef = 372215072D69CD2500C0788E /* AppDelegate.swift */; };
		372215102D69CD2500C0788E /* SceneDelegate.swift in Sources */ = {isa = PBXBuildFile; fileRef = 3722150C2D69CD2500C0788E /* SceneDelegate.swift */; };
		3722151E2D69CD5300C0788E /* Assets.xcassets in Resources */ = {isa = PBXBuildFile; fileRef = 372215192D69CD5300C0788E /* Assets.xcassets */; };
		372215202D69CD5300C0788E /* LaunchScreen.storyboard in Resources */ = {isa = PBXBuildFile; fileRef = 3722151C2D69CD5300C0788E /* LaunchScreen.storyboard */; };
		372215222D69CE6B00C0788E /* .gitignore in Resources */ = {isa = PBXBuildFile; fileRef = 372215212D69CE6B00C0788E /* .gitignore */; };
		372215262D69CF1400C0788E /* TamagotchiSelectionViewController.swift in Sources */ = {isa = PBXBuildFile; fileRef = 372215252D69CF1400C0788E /* TamagotchiSelectionViewController.swift */; };
/* End PBXBuildFile section */

/* Begin PBXFileReference section */
		372214E42D69CC5C00C0788E /* Tamagotchi.app */ = {isa = PBXFileReference; explicitFileType = wrapper.application; includeInIndex = 0; path = Tamagotchi.app; sourceTree = BUILT_PRODUCTS_DIR; };
		372215072D69CD2500C0788E /* AppDelegate.swift */ = {isa = PBXFileReference; lastKnownFileType = sourcecode.swift; path = AppDelegate.swift; sourceTree = "<group>"; };
		3722150C2D69CD2500C0788E /* SceneDelegate.swift */ = {isa = PBXFileReference; lastKnownFileType = sourcecode.swift; path = SceneDelegate.swift; sourceTree = "<group>"; };
		372215192D69CD5300C0788E /* Assets.xcassets */ = {isa = PBXFileReference; lastKnownFileType = folder.assetcatalog; path = Assets.xcassets; sourceTree = "<group>"; };
		3722151A2D69CD5300C0788E /* Info.plist */ = {isa = PBXFileReference; lastKnownFileType = text.plist.xml; path = Info.plist; sourceTree = "<group>"; };
		3722151B2D69CD5300C0788E /* Base */ = {isa = PBXFileReference; lastKnownFileType = file.storyboard; name = Base; path = Base.lproj/LaunchScreen.storyboard; sourceTree = "<group>"; };
		372215212D69CE6B00C0788E /* .gitignore */ = {isa = PBXFileReference; lastKnownFileType = text; path = .gitignore; sourceTree = "<group>"; };
		372215252D69CF1400C0788E /* TamagotchiSelectionViewController.swift */ = {isa = PBXFileReference; lastKnownFileType = sourcecode.swift; path = TamagotchiSelectionViewController.swift; sourceTree = "<group>"; };
/* End PBXFileReference section */

/* Begin PBXFrameworksBuildPhase section */
		372214E12D69CC5C00C0788E /* Frameworks */ = {
			isa = PBXFrameworksBuildPhase;
			buildActionMask = 2147483647;
			files = (
				372215032D69CD0D00C0788E /* SnapKit in Frameworks */,
				372215002D69CD0400C0788E /* RxSwift in Frameworks */,
				372214FE2D69CD0400C0788E /* RxCocoa in Frameworks */,
				372215062D69CD1500C0788E /* Then in Frameworks */,
			);
			runOnlyForDeploymentPostprocessing = 0;
		};
/* End PBXFrameworksBuildPhase section */

/* Begin PBXGroup section */
		372214DB2D69CC5C00C0788E = {
			isa = PBXGroup;
			children = (
				372215212D69CE6B00C0788E /* .gitignore */,
				3722150E2D69CD2500C0788E /* Tamagotchi */,
				372214E52D69CC5C00C0788E /* Products */,
			);
			sourceTree = "<group>";
		};
		372214E52D69CC5C00C0788E /* Products */ = {
			isa = PBXGroup;
			children = (
				372214E42D69CC5C00C0788E /* Tamagotchi.app */,
			);
			name = Products;
			sourceTree = "<group>";
		};
		3722150E2D69CD2500C0788E /* Tamagotchi */ = {
			isa = PBXGroup;
			children = (
				372215162D69CD3100C0788E /* Application */,
				372215242D69CEC300C0788E /* View */,
				3722151D2D69CD5300C0788E /* Resource */,
			);
			path = Tamagotchi;
			sourceTree = "<group>";
		};
		372215162D69CD3100C0788E /* Application */ = {
			isa = PBXGroup;
			children = (
				372215072D69CD2500C0788E /* AppDelegate.swift */,
				3722150C2D69CD2500C0788E /* SceneDelegate.swift */,
			);
			path = Application;
			sourceTree = "<group>";
		};
		3722151D2D69CD5300C0788E /* Resource */ = {
			isa = PBXGroup;
			children = (
				372215192D69CD5300C0788E /* Assets.xcassets */,
				3722151A2D69CD5300C0788E /* Info.plist */,
				3722151C2D69CD5300C0788E /* LaunchScreen.storyboard */,
			);
			path = Resource;
			sourceTree = "<group>";
		};
		372215242D69CEC300C0788E /* View */ = {
			isa = PBXGroup;
			children = (
				372215282D69CF2300C0788E /* TamagotchiSelection */,
			);
			path = View;
			sourceTree = "<group>";
		};
		372215282D69CF2300C0788E /* TamagotchiSelection */ = {
			isa = PBXGroup;
			children = (
				372215252D69CF1400C0788E /* TamagotchiSelectionViewController.swift */,
			);
			path = TamagotchiSelection;
			sourceTree = "<group>";
		};
/* End PBXGroup section */

/* Begin PBXNativeTarget section */
		372214E32D69CC5C00C0788E /* Tamagotchi */ = {
			isa = PBXNativeTarget;
			buildConfigurationList = 372214F72D69CC5D00C0788E /* Build configuration list for PBXNativeTarget "Tamagotchi" */;
			buildPhases = (
				372214E02D69CC5C00C0788E /* Sources */,
				372214E12D69CC5C00C0788E /* Frameworks */,
				372214E22D69CC5C00C0788E /* Resources */,
			);
			buildRules = (
			);
			dependencies = (
			);
			name = Tamagotchi;
			packageProductDependencies = (
				372214FD2D69CD0400C0788E /* RxCocoa */,
				372214FF2D69CD0400C0788E /* RxSwift */,
				372215022D69CD0D00C0788E /* SnapKit */,
				372215052D69CD1500C0788E /* Then */,
			);
			productName = Tamagotchi;
			productReference = 372214E42D69CC5C00C0788E /* Tamagotchi.app */;
			productType = "com.apple.product-type.application";
		};
/* End PBXNativeTarget section */

/* Begin PBXProject section */
		372214DC2D69CC5C00C0788E /* Project object */ = {
			isa = PBXProject;
			attributes = {
				BuildIndependentTargetsInParallel = 1;
				LastSwiftUpdateCheck = 1620;
				LastUpgradeCheck = 1620;
				TargetAttributes = {
					372214E32D69CC5C00C0788E = {
						CreatedOnToolsVersion = 16.2;
					};
				};
			};
			buildConfigurationList = 372214DF2D69CC5C00C0788E /* Build configuration list for PBXProject "Tamagotchi" */;
			developmentRegion = en;
			hasScannedForEncodings = 0;
			knownRegions = (
				en,
				Base,
			);
			mainGroup = 372214DB2D69CC5C00C0788E;
			minimizedProjectReferenceProxies = 1;
			packageReferences = (
				372214FC2D69CD0400C0788E /* XCRemoteSwiftPackageReference "RxSwift" */,
				372215012D69CD0D00C0788E /* XCRemoteSwiftPackageReference "SnapKit" */,
				372215042D69CD1500C0788E /* XCRemoteSwiftPackageReference "Then" */,
			);
			preferredProjectObjectVersion = 77;
			productRefGroup = 372214E52D69CC5C00C0788E /* Products */;
			projectDirPath = "";
			projectRoot = "";
			targets = (
				372214E32D69CC5C00C0788E /* Tamagotchi */,
			);
		};
/* End PBXProject section */

/* Begin PBXResourcesBuildPhase section */
		372214E22D69CC5C00C0788E /* Resources */ = {
			isa = PBXResourcesBuildPhase;
			buildActionMask = 2147483647;
			files = (
				3722151E2D69CD5300C0788E /* Assets.xcassets in Resources */,
				372215222D69CE6B00C0788E /* .gitignore in Resources */,
				372215202D69CD5300C0788E /* LaunchScreen.storyboard in Resources */,
			);
			runOnlyForDeploymentPostprocessing = 0;
		};
/* End PBXResourcesBuildPhase section */

/* Begin PBXSourcesBuildPhase section */
		372214E02D69CC5C00C0788E /* Sources */ = {
			isa = PBXSourcesBuildPhase;
			buildActionMask = 2147483647;
			files = (
				3722150F2D69CD2500C0788E /* AppDelegate.swift in Sources */,
				372215102D69CD2500C0788E /* SceneDelegate.swift in Sources */,
				372215262D69CF1400C0788E /* TamagotchiSelectionViewController.swift in Sources */,
			);
			runOnlyForDeploymentPostprocessing = 0;
		};
/* End PBXSourcesBuildPhase section */

/* Begin PBXVariantGroup section */
		3722151C2D69CD5300C0788E /* LaunchScreen.storyboard */ = {
			isa = PBXVariantGroup;
			children = (
				3722151B2D69CD5300C0788E /* Base */,
			);
			name = LaunchScreen.storyboard;
			sourceTree = "<group>";
		};
/* End PBXVariantGroup section */

/* Begin XCBuildConfiguration section */
		372214F82D69CC5D00C0788E /* Debug */ = {
			isa = XCBuildConfiguration;
			buildSettings = {
				ASSETCATALOG_COMPILER_APPICON_NAME = AppIcon;
				ASSETCATALOG_COMPILER_GLOBAL_ACCENT_COLOR_NAME = AccentColor;
				CODE_SIGN_STYLE = Automatic;
				CURRENT_PROJECT_VERSION = 1;
				DEVELOPMENT_TEAM = Z4QC7WDU5Z;
				GENERATE_INFOPLIST_FILE = YES;
				INFOPLIST_FILE = Tamagotchi/Resource/Info.plist;
				INFOPLIST_KEY_UIApplicationSupportsIndirectInputEvents = YES;
				INFOPLIST_KEY_UILaunchStoryboardName = LaunchScreen;
				INFOPLIST_KEY_UISupportedInterfaceOrientations = UIInterfaceOrientationPortrait;
				INFOPLIST_KEY_UISupportedInterfaceOrientations_iPad = "UIInterfaceOrientationLandscapeLeft UIInterfaceOrientationLandscapeRight UIInterfaceOrientationPortrait UIInterfaceOrientationPortraitUpsideDown";
				LD_RUNPATH_SEARCH_PATHS = (
					"$(inherited)",
					"@executable_path/Frameworks",
				);
				MARKETING_VERSION = 1.0;
				PRODUCT_BUNDLE_IDENTIFIER = com.kjh.Tamagotchi;
				PRODUCT_NAME = "$(TARGET_NAME)";
				SUPPORTED_PLATFORMS = "iphoneos iphonesimulator";
				SUPPORTS_MACCATALYST = NO;
				SUPPORTS_MAC_DESIGNED_FOR_IPHONE_IPAD = NO;
				SUPPORTS_XR_DESIGNED_FOR_IPHONE_IPAD = NO;
				SWIFT_EMIT_LOC_STRINGS = YES;
				SWIFT_VERSION = 5.0;
				TARGETED_DEVICE_FAMILY = 1;
			};
			name = Debug;
		};
		372214F92D69CC5D00C0788E /* Release */ = {
			isa = XCBuildConfiguration;
			buildSettings = {
				ASSETCATALOG_COMPILER_APPICON_NAME = AppIcon;
				ASSETCATALOG_COMPILER_GLOBAL_ACCENT_COLOR_NAME = AccentColor;
				CODE_SIGN_STYLE = Automatic;
				CURRENT_PROJECT_VERSION = 1;
				DEVELOPMENT_TEAM = Z4QC7WDU5Z;
				GENERATE_INFOPLIST_FILE = YES;
				INFOPLIST_FILE = Tamagotchi/Resource/Info.plist;
				INFOPLIST_KEY_UIApplicationSupportsIndirectInputEvents = YES;
				INFOPLIST_KEY_UILaunchStoryboardName = LaunchScreen;
				INFOPLIST_KEY_UISupportedInterfaceOrientations = UIInterfaceOrientationPortrait;
				INFOPLIST_KEY_UISupportedInterfaceOrientations_iPad = "UIInterfaceOrientationLandscapeLeft UIInterfaceOrientationLandscapeRight UIInterfaceOrientationPortrait UIInterfaceOrientationPortraitUpsideDown";
				LD_RUNPATH_SEARCH_PATHS = (
					"$(inherited)",
					"@executable_path/Frameworks",
				);
				MARKETING_VERSION = 1.0;
				PRODUCT_BUNDLE_IDENTIFIER = com.kjh.Tamagotchi;
				PRODUCT_NAME = "$(TARGET_NAME)";
				SUPPORTED_PLATFORMS = "iphoneos iphonesimulator";
				SUPPORTS_MACCATALYST = NO;
				SUPPORTS_MAC_DESIGNED_FOR_IPHONE_IPAD = NO;
				SUPPORTS_XR_DESIGNED_FOR_IPHONE_IPAD = NO;
				SWIFT_EMIT_LOC_STRINGS = YES;
				SWIFT_VERSION = 5.0;
				TARGETED_DEVICE_FAMILY = 1;
			};
			name = Release;
		};
		372214FA2D69CC5D00C0788E /* Debug */ = {
			isa = XCBuildConfiguration;
			buildSettings = {
				ALWAYS_SEARCH_USER_PATHS = NO;
				ASSETCATALOG_COMPILER_GENERATE_SWIFT_ASSET_SYMBOL_EXTENSIONS = YES;
				CLANG_ANALYZER_NONNULL = YES;
				CLANG_ANALYZER_NUMBER_OBJECT_CONVERSION = YES_AGGRESSIVE;
				CLANG_CXX_LANGUAGE_STANDARD = "gnu++20";
				CLANG_ENABLE_MODULES = YES;
				CLANG_ENABLE_OBJC_ARC = YES;
				CLANG_ENABLE_OBJC_WEAK = YES;
				CLANG_WARN_BLOCK_CAPTURE_AUTORELEASING = YES;
				CLANG_WARN_BOOL_CONVERSION = YES;
				CLANG_WARN_COMMA = YES;
				CLANG_WARN_CONSTANT_CONVERSION = YES;
				CLANG_WARN_DEPRECATED_OBJC_IMPLEMENTATIONS = YES;
				CLANG_WARN_DIRECT_OBJC_ISA_USAGE = YES_ERROR;
				CLANG_WARN_DOCUMENTATION_COMMENTS = YES;
				CLANG_WARN_EMPTY_BODY = YES;
				CLANG_WARN_ENUM_CONVERSION = YES;
				CLANG_WARN_INFINITE_RECURSION = YES;
				CLANG_WARN_INT_CONVERSION = YES;
				CLANG_WARN_NON_LITERAL_NULL_CONVERSION = YES;
				CLANG_WARN_OBJC_IMPLICIT_RETAIN_SELF = YES;
				CLANG_WARN_OBJC_LITERAL_CONVERSION = YES;
				CLANG_WARN_OBJC_ROOT_CLASS = YES_ERROR;
				CLANG_WARN_QUOTED_INCLUDE_IN_FRAMEWORK_HEADER = YES;
				CLANG_WARN_RANGE_LOOP_ANALYSIS = YES;
				CLANG_WARN_STRICT_PROTOTYPES = YES;
				CLANG_WARN_SUSPICIOUS_MOVE = YES;
				CLANG_WARN_UNGUARDED_AVAILABILITY = YES_AGGRESSIVE;
				CLANG_WARN_UNREACHABLE_CODE = YES;
				CLANG_WARN__DUPLICATE_METHOD_MATCH = YES;
				COPY_PHASE_STRIP = NO;
				DEBUG_INFORMATION_FORMAT = dwarf;
				ENABLE_STRICT_OBJC_MSGSEND = YES;
				ENABLE_TESTABILITY = YES;
				ENABLE_USER_SCRIPT_SANDBOXING = YES;
				GCC_C_LANGUAGE_STANDARD = gnu17;
				GCC_DYNAMIC_NO_PIC = NO;
				GCC_NO_COMMON_BLOCKS = YES;
				GCC_OPTIMIZATION_LEVEL = 0;
				GCC_PREPROCESSOR_DEFINITIONS = (
					"DEBUG=1",
					"$(inherited)",
				);
				GCC_WARN_64_TO_32_BIT_CONVERSION = YES;
				GCC_WARN_ABOUT_RETURN_TYPE = YES_ERROR;
				GCC_WARN_UNDECLARED_SELECTOR = YES;
				GCC_WARN_UNINITIALIZED_AUTOS = YES_AGGRESSIVE;
				GCC_WARN_UNUSED_FUNCTION = YES;
				GCC_WARN_UNUSED_VARIABLE = YES;
				IPHONEOS_DEPLOYMENT_TARGET = 18.2;
				LOCALIZATION_PREFERS_STRING_CATALOGS = YES;
				MTL_ENABLE_DEBUG_INFO = INCLUDE_SOURCE;
				MTL_FAST_MATH = YES;
				ONLY_ACTIVE_ARCH = YES;
				SDKROOT = iphoneos;
				SWIFT_ACTIVE_COMPILATION_CONDITIONS = "DEBUG $(inherited)";
				SWIFT_OPTIMIZATION_LEVEL = "-Onone";
			};
			name = Debug;
		};
		372214FB2D69CC5D00C0788E /* Release */ = {
			isa = XCBuildConfiguration;
			buildSettings = {
				ALWAYS_SEARCH_USER_PATHS = NO;
				ASSETCATALOG_COMPILER_GENERATE_SWIFT_ASSET_SYMBOL_EXTENSIONS = YES;
				CLANG_ANALYZER_NONNULL = YES;
				CLANG_ANALYZER_NUMBER_OBJECT_CONVERSION = YES_AGGRESSIVE;
				CLANG_CXX_LANGUAGE_STANDARD = "gnu++20";
				CLANG_ENABLE_MODULES = YES;
				CLANG_ENABLE_OBJC_ARC = YES;
				CLANG_ENABLE_OBJC_WEAK = YES;
				CLANG_WARN_BLOCK_CAPTURE_AUTORELEASING = YES;
				CLANG_WARN_BOOL_CONVERSION = YES;
				CLANG_WARN_COMMA = YES;
				CLANG_WARN_CONSTANT_CONVERSION = YES;
				CLANG_WARN_DEPRECATED_OBJC_IMPLEMENTATIONS = YES;
				CLANG_WARN_DIRECT_OBJC_ISA_USAGE = YES_ERROR;
				CLANG_WARN_DOCUMENTATION_COMMENTS = YES;
				CLANG_WARN_EMPTY_BODY = YES;
				CLANG_WARN_ENUM_CONVERSION = YES;
				CLANG_WARN_INFINITE_RECURSION = YES;
				CLANG_WARN_INT_CONVERSION = YES;
				CLANG_WARN_NON_LITERAL_NULL_CONVERSION = YES;
				CLANG_WARN_OBJC_IMPLICIT_RETAIN_SELF = YES;
				CLANG_WARN_OBJC_LITERAL_CONVERSION = YES;
				CLANG_WARN_OBJC_ROOT_CLASS = YES_ERROR;
				CLANG_WARN_QUOTED_INCLUDE_IN_FRAMEWORK_HEADER = YES;
				CLANG_WARN_RANGE_LOOP_ANALYSIS = YES;
				CLANG_WARN_STRICT_PROTOTYPES = YES;
				CLANG_WARN_SUSPICIOUS_MOVE = YES;
				CLANG_WARN_UNGUARDED_AVAILABILITY = YES_AGGRESSIVE;
				CLANG_WARN_UNREACHABLE_CODE = YES;
				CLANG_WARN__DUPLICATE_METHOD_MATCH = YES;
				COPY_PHASE_STRIP = NO;
				DEBUG_INFORMATION_FORMAT = "dwarf-with-dsym";
				ENABLE_NS_ASSERTIONS = NO;
				ENABLE_STRICT_OBJC_MSGSEND = YES;
				ENABLE_USER_SCRIPT_SANDBOXING = YES;
				GCC_C_LANGUAGE_STANDARD = gnu17;
				GCC_NO_COMMON_BLOCKS = YES;
				GCC_WARN_64_TO_32_BIT_CONVERSION = YES;
				GCC_WARN_ABOUT_RETURN_TYPE = YES_ERROR;
				GCC_WARN_UNDECLARED_SELECTOR = YES;
				GCC_WARN_UNINITIALIZED_AUTOS = YES_AGGRESSIVE;
				GCC_WARN_UNUSED_FUNCTION = YES;
				GCC_WARN_UNUSED_VARIABLE = YES;
				IPHONEOS_DEPLOYMENT_TARGET = 18.2;
				LOCALIZATION_PREFERS_STRING_CATALOGS = YES;
				MTL_ENABLE_DEBUG_INFO = NO;
				MTL_FAST_MATH = YES;
				SDKROOT = iphoneos;
				SWIFT_COMPILATION_MODE = wholemodule;
				VALIDATE_PRODUCT = YES;
			};
			name = Release;
		};
/* End XCBuildConfiguration section */

/* Begin XCConfigurationList section */
		372214DF2D69CC5C00C0788E /* Build configuration list for PBXProject "Tamagotchi" */ = {
			isa = XCConfigurationList;
			buildConfigurations = (
				372214FA2D69CC5D00C0788E /* Debug */,
				372214FB2D69CC5D00C0788E /* Release */,
			);
			defaultConfigurationIsVisible = 0;
			defaultConfigurationName = Release;
		};
		372214F72D69CC5D00C0788E /* Build configuration list for PBXNativeTarget "Tamagotchi" */ = {
			isa = XCConfigurationList;
			buildConfigurations = (
				372214F82D69CC5D00C0788E /* Debug */,
				372214F92D69CC5D00C0788E /* Release */,
			);
			defaultConfigurationIsVisible = 0;
			defaultConfigurationName = Release;
		};
/* End XCConfigurationList section */

/* Begin XCRemoteSwiftPackageReference section */
		372214FC2D69CD0400C0788E /* XCRemoteSwiftPackageReference "RxSwift" */ = {
			isa = XCRemoteSwiftPackageReference;
			repositoryURL = "https://github.com/ReactiveX/RxSwift.git";
			requirement = {
				kind = upToNextMajorVersion;
				minimumVersion = 6.9.0;
			};
		};
		372215012D69CD0D00C0788E /* XCRemoteSwiftPackageReference "SnapKit" */ = {
			isa = XCRemoteSwiftPackageReference;
			repositoryURL = "https://github.com/SnapKit/SnapKit.git";
			requirement = {
				kind = upToNextMajorVersion;
				minimumVersion = 5.7.1;
			};
		};
		372215042D69CD1500C0788E /* XCRemoteSwiftPackageReference "Then" */ = {
			isa = XCRemoteSwiftPackageReference;
			repositoryURL = "https://github.com/devxoul/Then.git";
			requirement = {
				kind = upToNextMajorVersion;
				minimumVersion = 3.0.0;
			};
		};
/* End XCRemoteSwiftPackageReference section */

/* Begin XCSwiftPackageProductDependency section */
		372214FD2D69CD0400C0788E /* RxCocoa */ = {
			isa = XCSwiftPackageProductDependency;
			package = 372214FC2D69CD0400C0788E /* XCRemoteSwiftPackageReference "RxSwift" */;
			productName = RxCocoa;
		};
		372214FF2D69CD0400C0788E /* RxSwift */ = {
			isa = XCSwiftPackageProductDependency;
			package = 372214FC2D69CD0400C0788E /* XCRemoteSwiftPackageReference "RxSwift" */;
			productName = RxSwift;
		};
		372215022D69CD0D00C0788E /* SnapKit */ = {
			isa = XCSwiftPackageProductDependency;
			package = 372215012D69CD0D00C0788E /* XCRemoteSwiftPackageReference "SnapKit" */;
			productName = SnapKit;
		};
		372215052D69CD1500C0788E /* Then */ = {
			isa = XCSwiftPackageProductDependency;
			package = 372215042D69CD1500C0788E /* XCRemoteSwiftPackageReference "Then" */;
			productName = Then;
		};
/* End XCSwiftPackageProductDependency section */
	};
	rootObject = 372214DC2D69CC5C00C0788E /* Project object */;
}
